
Microsoft Visual Studio Solution File, Format Version 12.00
# Visual Studio Version 17
VisualStudioVersion = 17.12.35521.163 d17.12
MinimumVisualStudioVersion = 10.0.40219.1
Project("{FAE04EC0-301F-11D3-BF4B-00C04F79EFBC}") = "WebApplication1", "WebApplication1\WebApplication1.csproj", "{2CDCCC6F-4B7F-4403-89CB-90FBEFD529AF}"
EndProject
Project("{FAE04EC0-301F-11D3-BF4B-00C04F79EFBC}") = "Citas", "Citas\Citas.csproj", "{472B205F-68D3-432B-B70E-E900E2900335}"
EndProject
Global
	GlobalSection(SolutionConfigurationPlatforms) = preSolution
		Debug|Any CPU = Debug|Any CPU
		Release|Any CPU = Release|Any CPU
	EndGlobalSection
	GlobalSection(ProjectConfigurationPlatforms) = postSolution
		{2CDCCC6F-4B7F-4403-89CB-90FBEFD529AF}.Debug|Any CPU.ActiveCfg = Debug|Any CPU
		{2CDCCC6F-4B7F-4403-89CB-90FBEFD529AF}.Debug|Any CPU.Build.0 = Debug|Any CPU
		{2CDCCC6F-4B7F-4403-89CB-90FBEFD529AF}.Release|Any CPU.ActiveCfg = Release|Any CPU
		{2CDCCC6F-4B7F-4403-89CB-90FBEFD529AF}.Release|Any CPU.Build.0 = Release|Any CPU
		{472B205F-68D3-432B-B70E-E900E2900335}.Debug|Any CPU.ActiveCfg = Debug|Any CPU
		{472B205F-68D3-432B-B70E-E900E2900335}.Debug|Any CPU.Build.0 = Debug|Any CPU
		{472B205F-68D3-432B-B70E-E900E2900335}.Release|Any CPU.ActiveCfg = Release|Any CPU
		{472B205F-68D3-432B-B70E-E900E2900335}.Release|Any CPU.Build.0 = Release|Any CPU
	EndGlobalSection
	GlobalSection(SolutionProperties) = preSolution
		HideSolutionNode = FALSE
	EndGlobalSection
EndGlobal
