
Microsoft Visual Studio Solution File, Format Version 12.00
# Visual Studio Version 17
VisualStudioVersion = 17.11.35312.102
MinimumVisualStudioVersion = 10.0.40219.1
Project("{FAE04EC0-301F-11D3-BF4B-00C04F79EFBC}") = "TheCalculator", "TheCalculator\TheCalculator.csproj", "{3FFA80DF-965B-4149-B8C4-4945700E7841}"
EndProject
Global
	GlobalSection(SolutionConfigurationPlatforms) = preSolution
		Debug|Any CPU = Debug|Any CPU
		Release|Any CPU = Release|Any CPU
	EndGlobalSection
	GlobalSection(ProjectConfigurationPlatforms) = postSolution
		{3FFA80DF-965B-4149-B8C4-4945700E7841}.Debug|Any CPU.ActiveCfg = Debug|Any CPU
		{3FFA80DF-965B-4149-B8C4-4945700E7841}.Debug|Any CPU.Build.0 = Debug|Any CPU
		{3FFA80DF-965B-4149-B8C4-4945700E7841}.Release|Any CPU.ActiveCfg = Release|Any CPU
		{3FFA80DF-965B-4149-B8C4-4945700E7841}.Release|Any CPU.Build.0 = Release|Any CPU
	EndGlobalSection
	GlobalSection(SolutionProperties) = preSolution
		HideSolutionNode = FALSE
	EndGlobalSection
	GlobalSection(ExtensibilityGlobals) = postSolution
		SolutionGuid = {D2D82BEB-6140-492D-9F57-AA5175C0CF7F}
	EndGlobalSection
EndGlobal
