
Microsoft Visual Studio Solution File, Format Version 12.00
# Visual Studio Version 17
VisualStudioVersion = 17.11.35312.102
MinimumVisualStudioVersion = 10.0.40219.1
Project("{FAE04EC0-301F-11D3-BF4B-00C04F79EFBC}") = "Tarea1", "Tarea1\Tarea1.csproj", "{B6F29789-EB64-4D45-B2ED-1472C33A5DDA}"
EndProject
Global
	GlobalSection(SolutionConfigurationPlatforms) = preSolution
		Debug|Any CPU = Debug|Any CPU
		Release|Any CPU = Release|Any CPU
	EndGlobalSection
	GlobalSection(ProjectConfigurationPlatforms) = postSolution
		{B6F29789-EB64-4D45-B2ED-1472C33A5DDA}.Debug|Any CPU.ActiveCfg = Debug|Any CPU
		{B6F29789-EB64-4D45-B2ED-1472C33A5DDA}.Debug|Any CPU.Build.0 = Debug|Any CPU
		{B6F29789-EB64-4D45-B2ED-1472C33A5DDA}.Release|Any CPU.ActiveCfg = Release|Any CPU
		{B6F29789-EB64-4D45-B2ED-1472C33A5DDA}.Release|Any CPU.Build.0 = Release|Any CPU
	EndGlobalSection
	GlobalSection(SolutionProperties) = preSolution
		HideSolutionNode = FALSE
	EndGlobalSection
	GlobalSection(ExtensibilityGlobals) = postSolution
		SolutionGuid = {97F77611-0B91-4B31-AF8C-27E57DC2D6B4}
	EndGlobalSection
EndGlobal
